
Microsoft Visual Studio Solution File, Format Version 12.00
# Visual Studio Version 16
VisualStudioVersion = 16.0.33927.289
MinimumVisualStudioVersion = 10.0.40219.1
Project("{2150E333-8FDC-42A3-9474-1A3956D46DE8}") = "Task0", "Task0", "{A20900CB-D6D6-4BBE-B330-B143FDDAD137}"
EndProject
Project("{FAE04EC0-301F-11D3-BF4B-00C04F79EFBC}") = "Tyuiu.DmitrievLR.Sprint2.Task0.V23", "Tyuiu.DmitrievLR.Sprint2.Task0.V23\Tyuiu.DmitrievLR.Sprint2.Task0.V23.csproj", "{7C013740-B051-4DB1-A118-0F8EB7CA4A93}"
EndProject
Project("{FAE04EC0-301F-11D3-BF4B-00C04F79EFBC}") = "Tyuiu.DmitrievLR.Sprint2.Task0.V23.Lib", "Tyuiu.DmitrievLR.Sprint2.Task0.V23.Lib\Tyuiu.DmitrievLR.Sprint2.Task0.V23.Lib.csproj", "{78BDE13E-B784-49E1-BB72-DC2C8A8393A0}"
EndProject
Project("{FAE04EC0-301F-11D3-BF4B-00C04F79EFBC}") = "Tyuiu.DmitrievLR.Sprint2.Task0.V23.Test", "Tyuiu.DmitrievLR.Sprint2.Task0.V23.Test\Tyuiu.DmitrievLR.Sprint2.Task0.V23.Test.csproj", "{DC4141C7-C66E-447A-BA68-CCC6EBDCAD2A}"
EndProject
Project("{2150E333-8FDC-42A3-9474-1A3956D46DE8}") = "Task1", "Task1", "{4398ACAF-51B8-4876-A8F7-51689C40509E}"
EndProject
Project("{FAE04EC0-301F-11D3-BF4B-00C04F79EFBC}") = "Tyuiu.DmitrievLR.Sprint2.Task1.V16", "Tyuiu.DmitrievLR.Sprint2.Task1.V16\Tyuiu.DmitrievLR.Sprint2.Task1.V16.csproj", "{860BC29D-A6AC-4735-A166-9344027EE3E7}"
EndProject
Project("{FAE04EC0-301F-11D3-BF4B-00C04F79EFBC}") = "Tyuiu.DmitrievLR.Sprint2.Task1.V16.Lib", "Tyuiu.DmitrievLR.Sprint2.Task1.V16.Lib\Tyuiu.DmitrievLR.Sprint2.Task1.V16.Lib.csproj", "{64F8A937-65AB-4402-92D8-1BDC38FE84AB}"
EndProject
Project("{FAE04EC0-301F-11D3-BF4B-00C04F79EFBC}") = "Tyuiu.DmitrievLR.Sprint2.Task1.V16.Test", "Tyuiu.DmitrievLR.Sprint2.Task1.V16.Test\Tyuiu.DmitrievLR.Sprint2.Task1.V16.Test.csproj", "{FD84843C-8182-44C6-B2B3-437574BF74C8}"
EndProject
Project("{2150E333-8FDC-42A3-9474-1A3956D46DE8}") = "Task2", "Task2", "{7400A9E8-C22D-49DC-90DE-6E81DB1D6C61}"
EndProject
Project("{FAE04EC0-301F-11D3-BF4B-00C04F79EFBC}") = "Tyuiu.DmitrievLR.Sprint2.Task2.V20", "Tyuiu.DmitrievLR.Sprint2.Task2.V20\Tyuiu.DmitrievLR.Sprint2.Task2.V20.csproj", "{F5366FAD-0BF1-4A8F-B563-47CB6A9037C6}"
EndProject
Project("{FAE04EC0-301F-11D3-BF4B-00C04F79EFBC}") = "Tyuiu.DmitrievLR.Sprint2.Task2.V20.Lib", "Tyuiu.DmitrievLR.Sprint2.Task2.V20.Lib\Tyuiu.DmitrievLR.Sprint2.Task2.V20.Lib.csproj", "{B8AC55C0-137F-42A9-BD3A-F39AE346F9D8}"
EndProject
Project("{FAE04EC0-301F-11D3-BF4B-00C04F79EFBC}") = "Tyuiu.DmitrievLR.Sprint2.Task2.V20.Test", "Tyuiu.DmitrievLR.Sprint2.Task2.V20.Test\Tyuiu.DmitrievLR.Sprint2.Task2.V20.Test.csproj", "{E76C56F6-F52D-47D6-9A95-19CC51295F82}"
EndProject
Project("{2150E333-8FDC-42A3-9474-1A3956D46DE8}") = "Task3", "Task3", "{10362EA5-56F0-4E3B-A297-64388572657B}"
EndProject
Project("{FAE04EC0-301F-11D3-BF4B-00C04F79EFBC}") = "Tyuiu.DmitrievLR.Sprint2.Task3.V21", "Tyuiu.DmitrievLR.Sprint2.Task3.V21\Tyuiu.DmitrievLR.Sprint2.Task3.V21.csproj", "{0476644B-57FA-49A4-AF9B-1F4286971A6B}"
EndProject
Project("{FAE04EC0-301F-11D3-BF4B-00C04F79EFBC}") = "Tyuiu.DmitrievLR.Sprint2.Task3.V21.Lib", "Tyuiu.DmitrievLR.Sprint2.Task3.V21.Lib\Tyuiu.DmitrievLR.Sprint2.Task3.V21.Lib.csproj", "{EEB6E711-DE63-41D6-A4DA-D3D1C76CFE25}"
EndProject
Project("{FAE04EC0-301F-11D3-BF4B-00C04F79EFBC}") = "Tyuiu.DmitrievLR.Sprint2.Task3.V21.Test", "Tyuiu.DmitrievLR.Sprint2.Task3.V21.Test\Tyuiu.DmitrievLR.Sprint2.Task3.V21.Test.csproj", "{CFFB8117-09C4-4C70-B407-2CEBF1F50409}"
EndProject
Global
	GlobalSection(SolutionConfigurationPlatforms) = preSolution
		Debug|Any CPU = Debug|Any CPU
		Release|Any CPU = Release|Any CPU
	EndGlobalSection
	GlobalSection(ProjectConfigurationPlatforms) = postSolution
		{7C013740-B051-4DB1-A118-0F8EB7CA4A93}.Debug|Any CPU.ActiveCfg = Debug|Any CPU
		{7C013740-B051-4DB1-A118-0F8EB7CA4A93}.Debug|Any CPU.Build.0 = Debug|Any CPU
		{7C013740-B051-4DB1-A118-0F8EB7CA4A93}.Release|Any CPU.ActiveCfg = Release|Any CPU
		{7C013740-B051-4DB1-A118-0F8EB7CA4A93}.Release|Any CPU.Build.0 = Release|Any CPU
		{78BDE13E-B784-49E1-BB72-DC2C8A8393A0}.Debug|Any CPU.ActiveCfg = Debug|Any CPU
		{78BDE13E-B784-49E1-BB72-DC2C8A8393A0}.Debug|Any CPU.Build.0 = Debug|Any CPU
		{78BDE13E-B784-49E1-BB72-DC2C8A8393A0}.Release|Any CPU.ActiveCfg = Release|Any CPU
		{78BDE13E-B784-49E1-BB72-DC2C8A8393A0}.Release|Any CPU.Build.0 = Release|Any CPU
		{DC4141C7-C66E-447A-BA68-CCC6EBDCAD2A}.Debug|Any CPU.ActiveCfg = Debug|Any CPU
		{DC4141C7-C66E-447A-BA68-CCC6EBDCAD2A}.Debug|Any CPU.Build.0 = Debug|Any CPU
		{DC4141C7-C66E-447A-BA68-CCC6EBDCAD2A}.Release|Any CPU.ActiveCfg = Release|Any CPU
		{DC4141C7-C66E-447A-BA68-CCC6EBDCAD2A}.Release|Any CPU.Build.0 = Release|Any CPU
		{860BC29D-A6AC-4735-A166-9344027EE3E7}.Debug|Any CPU.ActiveCfg = Debug|Any CPU
		{860BC29D-A6AC-4735-A166-9344027EE3E7}.Debug|Any CPU.Build.0 = Debug|Any CPU
		{860BC29D-A6AC-4735-A166-9344027EE3E7}.Release|Any CPU.ActiveCfg = Release|Any CPU
		{860BC29D-A6AC-4735-A166-9344027EE3E7}.Release|Any CPU.Build.0 = Release|Any CPU
		{64F8A937-65AB-4402-92D8-1BDC38FE84AB}.Debug|Any CPU.ActiveCfg = Debug|Any CPU
		{64F8A937-65AB-4402-92D8-1BDC38FE84AB}.Debug|Any CPU.Build.0 = Debug|Any CPU
		{64F8A937-65AB-4402-92D8-1BDC38FE84AB}.Release|Any CPU.ActiveCfg = Release|Any CPU
		{64F8A937-65AB-4402-92D8-1BDC38FE84AB}.Release|Any CPU.Build.0 = Release|Any CPU
		{FD84843C-8182-44C6-B2B3-437574BF74C8}.Debug|Any CPU.ActiveCfg = Debug|Any CPU
		{FD84843C-8182-44C6-B2B3-437574BF74C8}.Debug|Any CPU.Build.0 = Debug|Any CPU
		{FD84843C-8182-44C6-B2B3-437574BF74C8}.Release|Any CPU.ActiveCfg = Release|Any CPU
		{FD84843C-8182-44C6-B2B3-437574BF74C8}.Release|Any CPU.Build.0 = Release|Any CPU
		{F5366FAD-0BF1-4A8F-B563-47CB6A9037C6}.Debug|Any CPU.ActiveCfg = Debug|Any CPU
		{F5366FAD-0BF1-4A8F-B563-47CB6A9037C6}.Debug|Any CPU.Build.0 = Debug|Any CPU
		{F5366FAD-0BF1-4A8F-B563-47CB6A9037C6}.Release|Any CPU.ActiveCfg = Release|Any CPU
		{F5366FAD-0BF1-4A8F-B563-47CB6A9037C6}.Release|Any CPU.Build.0 = Release|Any CPU
		{B8AC55C0-137F-42A9-BD3A-F39AE346F9D8}.Debug|Any CPU.ActiveCfg = Debug|Any CPU
		{B8AC55C0-137F-42A9-BD3A-F39AE346F9D8}.Debug|Any CPU.Build.0 = Debug|Any CPU
		{B8AC55C0-137F-42A9-BD3A-F39AE346F9D8}.Release|Any CPU.ActiveCfg = Release|Any CPU
		{B8AC55C0-137F-42A9-BD3A-F39AE346F9D8}.Release|Any CPU.Build.0 = Release|Any CPU
		{E76C56F6-F52D-47D6-9A95-19CC51295F82}.Debug|Any CPU.ActiveCfg = Debug|Any CPU
		{E76C56F6-F52D-47D6-9A95-19CC51295F82}.Debug|Any CPU.Build.0 = Debug|Any CPU
		{E76C56F6-F52D-47D6-9A95-19CC51295F82}.Release|Any CPU.ActiveCfg = Release|Any CPU
		{E76C56F6-F52D-47D6-9A95-19CC51295F82}.Release|Any CPU.Build.0 = Release|Any CPU
		{0476644B-57FA-49A4-AF9B-1F4286971A6B}.Debug|Any CPU.ActiveCfg = Debug|Any CPU
		{0476644B-57FA-49A4-AF9B-1F4286971A6B}.Debug|Any CPU.Build.0 = Debug|Any CPU
		{0476644B-57FA-49A4-AF9B-1F4286971A6B}.Release|Any CPU.ActiveCfg = Release|Any CPU
		{0476644B-57FA-49A4-AF9B-1F4286971A6B}.Release|Any CPU.Build.0 = Release|Any CPU
		{EEB6E711-DE63-41D6-A4DA-D3D1C76CFE25}.Debug|Any CPU.ActiveCfg = Debug|Any CPU
		{EEB6E711-DE63-41D6-A4DA-D3D1C76CFE25}.Debug|Any CPU.Build.0 = Debug|Any CPU
		{EEB6E711-DE63-41D6-A4DA-D3D1C76CFE25}.Release|Any CPU.ActiveCfg = Release|Any CPU
		{EEB6E711-DE63-41D6-A4DA-D3D1C76CFE25}.Release|Any CPU.Build.0 = Release|Any CPU
		{CFFB8117-09C4-4C70-B407-2CEBF1F50409}.Debug|Any CPU.ActiveCfg = Debug|Any CPU
		{CFFB8117-09C4-4C70-B407-2CEBF1F50409}.Debug|Any CPU.Build.0 = Debug|Any CPU
		{CFFB8117-09C4-4C70-B407-2CEBF1F50409}.Release|Any CPU.ActiveCfg = Release|Any CPU
		{CFFB8117-09C4-4C70-B407-2CEBF1F50409}.Release|Any CPU.Build.0 = Release|Any CPU
	EndGlobalSection
	GlobalSection(SolutionProperties) = preSolution
		HideSolutionNode = FALSE
	EndGlobalSection
	GlobalSection(NestedProjects) = preSolution
		{7C013740-B051-4DB1-A118-0F8EB7CA4A93} = {A20900CB-D6D6-4BBE-B330-B143FDDAD137}
		{78BDE13E-B784-49E1-BB72-DC2C8A8393A0} = {A20900CB-D6D6-4BBE-B330-B143FDDAD137}
		{DC4141C7-C66E-447A-BA68-CCC6EBDCAD2A} = {A20900CB-D6D6-4BBE-B330-B143FDDAD137}
		{860BC29D-A6AC-4735-A166-9344027EE3E7} = {4398ACAF-51B8-4876-A8F7-51689C40509E}
		{64F8A937-65AB-4402-92D8-1BDC38FE84AB} = {4398ACAF-51B8-4876-A8F7-51689C40509E}
		{FD84843C-8182-44C6-B2B3-437574BF74C8} = {4398ACAF-51B8-4876-A8F7-51689C40509E}
		{F5366FAD-0BF1-4A8F-B563-47CB6A9037C6} = {7400A9E8-C22D-49DC-90DE-6E81DB1D6C61}
		{B8AC55C0-137F-42A9-BD3A-F39AE346F9D8} = {7400A9E8-C22D-49DC-90DE-6E81DB1D6C61}
		{E76C56F6-F52D-47D6-9A95-19CC51295F82} = {7400A9E8-C22D-49DC-90DE-6E81DB1D6C61}
		{0476644B-57FA-49A4-AF9B-1F4286971A6B} = {10362EA5-56F0-4E3B-A297-64388572657B}
		{EEB6E711-DE63-41D6-A4DA-D3D1C76CFE25} = {10362EA5-56F0-4E3B-A297-64388572657B}
		{CFFB8117-09C4-4C70-B407-2CEBF1F50409} = {10362EA5-56F0-4E3B-A297-64388572657B}
	EndGlobalSection
	GlobalSection(ExtensibilityGlobals) = postSolution
		SolutionGuid = {29DDFF98-372C-49C1-875E-454BC8F08D71}
	EndGlobalSection
EndGlobal
